// !$*UTF8*$!
{
	archiveVersion = 1;
	classes = {
	};
	objectVersion = 46;
	objects = {

/* Begin PBXBuildFile section */
		BB438F451C5439B500650E08 /* TrackProgressVC.swift in Sources */ = {isa = PBXBuildFile; fileRef = BB438F441C5439B500650E08 /* TrackProgressVC.swift */; };
		BBB0B9331C4E80FB00342AC9 /* MyDayVC.swift in Sources */ = {isa = PBXBuildFile; fileRef = BBB0B9321C4E80FB00342AC9 /* MyDayVC.swift */; };
		BBB0B9391C4E8CBB00342AC9 /* BarView.swift in Sources */ = {isa = PBXBuildFile; fileRef = BBB0B9381C4E8CBB00342AC9 /* BarView.swift */; };
		BBC95C141C4ACA6200C23BC7 /* AppDelegate.swift in Sources */ = {isa = PBXBuildFile; fileRef = BBC95C131C4ACA6200C23BC7 /* AppDelegate.swift */; };
		BBC95C161C4ACA6200C23BC7 /* MainVC.swift in Sources */ = {isa = PBXBuildFile; fileRef = BBC95C151C4ACA6200C23BC7 /* MainVC.swift */; };
		BBC95C191C4ACA6300C23BC7 /* Main.storyboard in Resources */ = {isa = PBXBuildFile; fileRef = BBC95C171C4ACA6300C23BC7 /* Main.storyboard */; };
		BBC95C1B1C4ACA6300C23BC7 /* Assets.xcassets in Resources */ = {isa = PBXBuildFile; fileRef = BBC95C1A1C4ACA6300C23BC7 /* Assets.xcassets */; };
		BBC95C1E1C4ACA6300C23BC7 /* LaunchScreen.storyboard in Resources */ = {isa = PBXBuildFile; fileRef = BBC95C1C1C4ACA6300C23BC7 /* LaunchScreen.storyboard */; };
		BBC95C291C4ACA6300C23BC7 /* _00_Calorie_WorkoutTests.swift in Sources */ = {isa = PBXBuildFile; fileRef = BBC95C281C4ACA6300C23BC7 /* _00_Calorie_WorkoutTests.swift */; };
		BBC95C341C4ACA6300C23BC7 /* _00_Calorie_WorkoutUITests.swift in Sources */ = {isa = PBXBuildFile; fileRef = BBC95C331C4ACA6300C23BC7 /* _00_Calorie_WorkoutUITests.swift */; };
		BBC95C421C4B004600C23BC7 /* CurrentWorkout.swift in Sources */ = {isa = PBXBuildFile; fileRef = BBC95C411C4B004600C23BC7 /* CurrentWorkout.swift */; };
		BBC95C441C4B010600C23BC7 /* WorkoutVC.swift in Sources */ = {isa = PBXBuildFile; fileRef = BBC95C431C4B010600C23BC7 /* WorkoutVC.swift */; };
		BBC95C461C4C3D1500C23BC7 /* WorkoutOverVC.swift in Sources */ = {isa = PBXBuildFile; fileRef = BBC95C451C4C3D1500C23BC7 /* WorkoutOverVC.swift */; };
		BBCDB3A51C54269C0016A5BF /* ChartView.swift in Sources */ = {isa = PBXBuildFile; fileRef = BBCDB3A41C54269C0016A5BF /* ChartView.swift */; };
		BBE1725E1C4D67DC008598C0 /* UserProfile.swift in Sources */ = {isa = PBXBuildFile; fileRef = BBE1725D1C4D67DC008598C0 /* UserProfile.swift */; };
		BBE172601C4D7135008598C0 /* MenuBtn.swift in Sources */ = {isa = PBXBuildFile; fileRef = BBE1725F1C4D7135008598C0 /* MenuBtn.swift */; };
		BBE172621C4D7546008598C0 /* SettingsVC.swift in Sources */ = {isa = PBXBuildFile; fileRef = BBE172611C4D7546008598C0 /* SettingsVC.swift */; };
		BBE172641C4D934A008598C0 /* UserProfileVC.swift in Sources */ = {isa = PBXBuildFile; fileRef = BBE172631C4D934A008598C0 /* UserProfileVC.swift */; };
/* End PBXBuildFile section */

/* Begin PBXContainerItemProxy section */
		BBC95C251C4ACA6300C23BC7 /* PBXContainerItemProxy */ = {
			isa = PBXContainerItemProxy;
			containerPortal = BBC95C081C4ACA6200C23BC7 /* Project object */;
			proxyType = 1;
			remoteGlobalIDString = BBC95C0F1C4ACA6200C23BC7;
			remoteInfo = "100 Calorie Workout";
		};
		BBC95C301C4ACA6300C23BC7 /* PBXContainerItemProxy */ = {
			isa = PBXContainerItemProxy;
			containerPortal = BBC95C081C4ACA6200C23BC7 /* Project object */;
			proxyType = 1;
			remoteGlobalIDString = BBC95C0F1C4ACA6200C23BC7;
			remoteInfo = "100 Calorie Workout";
		};
/* End PBXContainerItemProxy section */

/* Begin PBXFileReference section */
		BB438F441C5439B500650E08 /* TrackProgressVC.swift */ = {isa = PBXFileReference; fileEncoding = 4; lastKnownFileType = sourcecode.swift; path = TrackProgressVC.swift; sourceTree = "<group>"; };
		BBB0B9321C4E80FB00342AC9 /* MyDayVC.swift */ = {isa = PBXFileReference; fileEncoding = 4; lastKnownFileType = sourcecode.swift; path = MyDayVC.swift; sourceTree = "<group>"; };
		BBB0B9381C4E8CBB00342AC9 /* BarView.swift */ = {isa = PBXFileReference; fileEncoding = 4; lastKnownFileType = sourcecode.swift; path = BarView.swift; sourceTree = "<group>"; };
		BBC95C101C4ACA6200C23BC7 /* 100 Calorie Workout.app */ = {isa = PBXFileReference; explicitFileType = wrapper.application; includeInIndex = 0; path = "100 Calorie Workout.app"; sourceTree = BUILT_PRODUCTS_DIR; };
		BBC95C131C4ACA6200C23BC7 /* AppDelegate.swift */ = {isa = PBXFileReference; lastKnownFileType = sourcecode.swift; path = AppDelegate.swift; sourceTree = "<group>"; };
		BBC95C151C4ACA6200C23BC7 /* MainVC.swift */ = {isa = PBXFileReference; lastKnownFileType = sourcecode.swift; path = MainVC.swift; sourceTree = "<group>"; };
		BBC95C181C4ACA6300C23BC7 /* Base */ = {isa = PBXFileReference; lastKnownFileType = file.storyboard; name = Base; path = Base.lproj/Main.storyboard; sourceTree = "<group>"; };
		BBC95C1A1C4ACA6300C23BC7 /* Assets.xcassets */ = {isa = PBXFileReference; lastKnownFileType = folder.assetcatalog; path = Assets.xcassets; sourceTree = "<group>"; };
		BBC95C1D1C4ACA6300C23BC7 /* Base */ = {isa = PBXFileReference; lastKnownFileType = file.storyboard; name = Base; path = Base.lproj/LaunchScreen.storyboard; sourceTree = "<group>"; };
		BBC95C1F1C4ACA6300C23BC7 /* Info.plist */ = {isa = PBXFileReference; lastKnownFileType = text.plist.xml; path = Info.plist; sourceTree = "<group>"; };
		BBC95C241C4ACA6300C23BC7 /* 100 Calorie WorkoutTests.xctest */ = {isa = PBXFileReference; explicitFileType = wrapper.cfbundle; includeInIndex = 0; path = "100 Calorie WorkoutTests.xctest"; sourceTree = BUILT_PRODUCTS_DIR; };
		BBC95C281C4ACA6300C23BC7 /* _00_Calorie_WorkoutTests.swift */ = {isa = PBXFileReference; lastKnownFileType = sourcecode.swift; path = _00_Calorie_WorkoutTests.swift; sourceTree = "<group>"; };
		BBC95C2A1C4ACA6300C23BC7 /* Info.plist */ = {isa = PBXFileReference; lastKnownFileType = text.plist.xml; path = Info.plist; sourceTree = "<group>"; };
		BBC95C2F1C4ACA6300C23BC7 /* 100 Calorie WorkoutUITests.xctest */ = {isa = PBXFileReference; explicitFileType = wrapper.cfbundle; includeInIndex = 0; path = "100 Calorie WorkoutUITests.xctest"; sourceTree = BUILT_PRODUCTS_DIR; };
		BBC95C331C4ACA6300C23BC7 /* _00_Calorie_WorkoutUITests.swift */ = {isa = PBXFileReference; lastKnownFileType = sourcecode.swift; path = _00_Calorie_WorkoutUITests.swift; sourceTree = "<group>"; };
		BBC95C351C4ACA6300C23BC7 /* Info.plist */ = {isa = PBXFileReference; lastKnownFileType = text.plist.xml; path = Info.plist; sourceTree = "<group>"; };
		BBC95C411C4B004600C23BC7 /* CurrentWorkout.swift */ = {isa = PBXFileReference; fileEncoding = 4; lastKnownFileType = sourcecode.swift; path = CurrentWorkout.swift; sourceTree = "<group>"; };
		BBC95C431C4B010600C23BC7 /* WorkoutVC.swift */ = {isa = PBXFileReference; fileEncoding = 4; lastKnownFileType = sourcecode.swift; path = WorkoutVC.swift; sourceTree = "<group>"; };
		BBC95C451C4C3D1500C23BC7 /* WorkoutOverVC.swift */ = {isa = PBXFileReference; fileEncoding = 4; lastKnownFileType = sourcecode.swift; path = WorkoutOverVC.swift; sourceTree = "<group>"; };
		BBCDB3A41C54269C0016A5BF /* ChartView.swift */ = {isa = PBXFileReference; fileEncoding = 4; lastKnownFileType = sourcecode.swift; path = ChartView.swift; sourceTree = "<group>"; };
		BBE1725D1C4D67DC008598C0 /* UserProfile.swift */ = {isa = PBXFileReference; fileEncoding = 4; lastKnownFileType = sourcecode.swift; path = UserProfile.swift; sourceTree = "<group>"; };
		BBE1725F1C4D7135008598C0 /* MenuBtn.swift */ = {isa = PBXFileReference; fileEncoding = 4; lastKnownFileType = sourcecode.swift; path = MenuBtn.swift; sourceTree = "<group>"; };
		BBE172611C4D7546008598C0 /* SettingsVC.swift */ = {isa = PBXFileReference; fileEncoding = 4; lastKnownFileType = sourcecode.swift; path = SettingsVC.swift; sourceTree = "<group>"; };
		BBE172631C4D934A008598C0 /* UserProfileVC.swift */ = {isa = PBXFileReference; fileEncoding = 4; lastKnownFileType = sourcecode.swift; path = UserProfileVC.swift; sourceTree = "<group>"; };
/* End PBXFileReference section */

/* Begin PBXFrameworksBuildPhase section */
		BBC95C0D1C4ACA6200C23BC7 /* Frameworks */ = {
			isa = PBXFrameworksBuildPhase;
			buildActionMask = 2147483647;
			files = (
			);
			runOnlyForDeploymentPostprocessing = 0;
		};
		BBC95C211C4ACA6300C23BC7 /* Frameworks */ = {
			isa = PBXFrameworksBuildPhase;
			buildActionMask = 2147483647;
			files = (
			);
			runOnlyForDeploymentPostprocessing = 0;
		};
		BBC95C2C1C4ACA6300C23BC7 /* Frameworks */ = {
			isa = PBXFrameworksBuildPhase;
			buildActionMask = 2147483647;
			files = (
			);
			runOnlyForDeploymentPostprocessing = 0;
		};
/* End PBXFrameworksBuildPhase section */

/* Begin PBXGroup section */
		BBB0B9341C4E811100342AC9 /* Workout VCs */ = {
			isa = PBXGroup;
			children = (
				BBC95C431C4B010600C23BC7 /* WorkoutVC.swift */,
				BBC95C451C4C3D1500C23BC7 /* WorkoutOverVC.swift */,
			);
			name = "Workout VCs";
			sourceTree = "<group>";
		};
		BBB0B9351C4E812600342AC9 /* Settings VCs */ = {
			isa = PBXGroup;
			children = (
				BBE172611C4D7546008598C0 /* SettingsVC.swift */,
				BBB0B9321C4E80FB00342AC9 /* MyDayVC.swift */,
				BBE172631C4D934A008598C0 /* UserProfileVC.swift */,
				BB438F441C5439B500650E08 /* TrackProgressVC.swift */,
			);
			name = "Settings VCs";
			sourceTree = "<group>";
		};
		BBB0B9361C4E81E200342AC9 /* Shared Structs */ = {
			isa = PBXGroup;
			children = (
				BBE1725D1C4D67DC008598C0 /* UserProfile.swift */,
				BBC95C411C4B004600C23BC7 /* CurrentWorkout.swift */,
			);
			name = "Shared Structs";
			sourceTree = "<group>";
		};
		BBB0B9371C4E81F100342AC9 /* UI Elements */ = {
			isa = PBXGroup;
			children = (
				BBE1725F1C4D7135008598C0 /* MenuBtn.swift */,
				BBB0B9381C4E8CBB00342AC9 /* BarView.swift */,
				BBCDB3A41C54269C0016A5BF /* ChartView.swift */,
			);
			name = "UI Elements";
			sourceTree = "<group>";
		};
		BBC95C071C4ACA6200C23BC7 = {
			isa = PBXGroup;
			children = (
				BBC95C121C4ACA6200C23BC7 /* 100 Calorie Workout */,
				BBC95C271C4ACA6300C23BC7 /* 100 Calorie WorkoutTests */,
				BBC95C321C4ACA6300C23BC7 /* 100 Calorie WorkoutUITests */,
				BBC95C111C4ACA6200C23BC7 /* Products */,
			);
			sourceTree = "<group>";
		};
		BBC95C111C4ACA6200C23BC7 /* Products */ = {
			isa = PBXGroup;
			children = (
				BBC95C101C4ACA6200C23BC7 /* 100 Calorie Workout.app */,
				BBC95C241C4ACA6300C23BC7 /* 100 Calorie WorkoutTests.xctest */,
				BBC95C2F1C4ACA6300C23BC7 /* 100 Calorie WorkoutUITests.xctest */,
			);
			name = Products;
			sourceTree = "<group>";
		};
		BBC95C121C4ACA6200C23BC7 /* 100 Calorie Workout */ = {
			isa = PBXGroup;
			children = (
				BBC95C131C4ACA6200C23BC7 /* AppDelegate.swift */,
				BBC95C151C4ACA6200C23BC7 /* MainVC.swift */,
				BBB0B9341C4E811100342AC9 /* Workout VCs */,
				BBB0B9351C4E812600342AC9 /* Settings VCs */,
				BBB0B9361C4E81E200342AC9 /* Shared Structs */,
				BBB0B9371C4E81F100342AC9 /* UI Elements */,
				BBC95C171C4ACA6300C23BC7 /* Main.storyboard */,
				BBC95C1A1C4ACA6300C23BC7 /* Assets.xcassets */,
				BBC95C1C1C4ACA6300C23BC7 /* LaunchScreen.storyboard */,
				BBC95C1F1C4ACA6300C23BC7 /* Info.plist */,
			);
			path = "100 Calorie Workout";
			sourceTree = "<group>";
		};
		BBC95C271C4ACA6300C23BC7 /* 100 Calorie WorkoutTests */ = {
			isa = PBXGroup;
			children = (
				BBC95C281C4ACA6300C23BC7 /* _00_Calorie_WorkoutTests.swift */,
				BBC95C2A1C4ACA6300C23BC7 /* Info.plist */,
			);
			path = "100 Calorie WorkoutTests";
			sourceTree = "<group>";
		};
		BBC95C321C4ACA6300C23BC7 /* 100 Calorie WorkoutUITests */ = {
			isa = PBXGroup;
			children = (
				BBC95C331C4ACA6300C23BC7 /* _00_Calorie_WorkoutUITests.swift */,
				BBC95C351C4ACA6300C23BC7 /* Info.plist */,
			);
			path = "100 Calorie WorkoutUITests";
			sourceTree = "<group>";
		};
/* End PBXGroup section */

/* Begin PBXNativeTarget section */
		BBC95C0F1C4ACA6200C23BC7 /* 100 Calorie Workout */ = {
			isa = PBXNativeTarget;
			buildConfigurationList = BBC95C381C4ACA6300C23BC7 /* Build configuration list for PBXNativeTarget "100 Calorie Workout" */;
			buildPhases = (
				BBC95C0C1C4ACA6200C23BC7 /* Sources */,
				BBC95C0D1C4ACA6200C23BC7 /* Frameworks */,
				BBC95C0E1C4ACA6200C23BC7 /* Resources */,
			);
			buildRules = (
			);
			dependencies = (
			);
			name = "100 Calorie Workout";
			productName = "100 Calorie Workout";
			productReference = BBC95C101C4ACA6200C23BC7 /* 100 Calorie Workout.app */;
			productType = "com.apple.product-type.application";
		};
		BBC95C231C4ACA6300C23BC7 /* 100 Calorie WorkoutTests */ = {
			isa = PBXNativeTarget;
			buildConfigurationList = BBC95C3B1C4ACA6300C23BC7 /* Build configuration list for PBXNativeTarget "100 Calorie WorkoutTests" */;
			buildPhases = (
				BBC95C201C4ACA6300C23BC7 /* Sources */,
				BBC95C211C4ACA6300C23BC7 /* Frameworks */,
				BBC95C221C4ACA6300C23BC7 /* Resources */,
			);
			buildRules = (
			);
			dependencies = (
				BBC95C261C4ACA6300C23BC7 /* PBXTargetDependency */,
			);
			name = "100 Calorie WorkoutTests";
			productName = "100 Calorie WorkoutTests";
			productReference = BBC95C241C4ACA6300C23BC7 /* 100 Calorie WorkoutTests.xctest */;
			productType = "com.apple.product-type.bundle.unit-test";
		};
		BBC95C2E1C4ACA6300C23BC7 /* 100 Calorie WorkoutUITests */ = {
			isa = PBXNativeTarget;
			buildConfigurationList = BBC95C3E1C4ACA6300C23BC7 /* Build configuration list for PBXNativeTarget "100 Calorie WorkoutUITests" */;
			buildPhases = (
				BBC95C2B1C4ACA6300C23BC7 /* Sources */,
				BBC95C2C1C4ACA6300C23BC7 /* Frameworks */,
				BBC95C2D1C4ACA6300C23BC7 /* Resources */,
			);
			buildRules = (
			);
			dependencies = (
				BBC95C311C4ACA6300C23BC7 /* PBXTargetDependency */,
			);
			name = "100 Calorie WorkoutUITests";
			productName = "100 Calorie WorkoutUITests";
			productReference = BBC95C2F1C4ACA6300C23BC7 /* 100 Calorie WorkoutUITests.xctest */;
			productType = "com.apple.product-type.bundle.ui-testing";
		};
/* End PBXNativeTarget section */

/* Begin PBXProject section */
		BBC95C081C4ACA6200C23BC7 /* Project object */ = {
			isa = PBXProject;
			attributes = {
				LastSwiftUpdateCheck = 0720;
				LastUpgradeCheck = 0720;
				ORGANIZATIONNAME = "Daniel Acker";
				TargetAttributes = {
					BBC95C0F1C4ACA6200C23BC7 = {
						CreatedOnToolsVersion = 7.2;
						DevelopmentTeam = 82UBK6MX6M;
					};
					BBC95C231C4ACA6300C23BC7 = {
						CreatedOnToolsVersion = 7.2;
						TestTargetID = BBC95C0F1C4ACA6200C23BC7;
					};
					BBC95C2E1C4ACA6300C23BC7 = {
						CreatedOnToolsVersion = 7.2;
						TestTargetID = BBC95C0F1C4ACA6200C23BC7;
					};
				};
			};
			buildConfigurationList = BBC95C0B1C4ACA6200C23BC7 /* Build configuration list for PBXProject "100 Calorie Workout" */;
			compatibilityVersion = "Xcode 3.2";
			developmentRegion = English;
			hasScannedForEncodings = 0;
			knownRegions = (
				en,
				Base,
			);
			mainGroup = BBC95C071C4ACA6200C23BC7;
			productRefGroup = BBC95C111C4ACA6200C23BC7 /* Products */;
			projectDirPath = "";
			projectRoot = "";
			targets = (
				BBC95C0F1C4ACA6200C23BC7 /* 100 Calorie Workout */,
				BBC95C231C4ACA6300C23BC7 /* 100 Calorie WorkoutTests */,
				BBC95C2E1C4ACA6300C23BC7 /* 100 Calorie WorkoutUITests */,
			);
		};
/* End PBXProject section */

/* Begin PBXResourcesBuildPhase section */
		BBC95C0E1C4ACA6200C23BC7 /* Resources */ = {
			isa = PBXResourcesBuildPhase;
			buildActionMask = 2147483647;
			files = (
				BBC95C1E1C4ACA6300C23BC7 /* LaunchScreen.storyboard in Resources */,
				BBC95C1B1C4ACA6300C23BC7 /* Assets.xcassets in Resources */,
				BBC95C191C4ACA6300C23BC7 /* Main.storyboard in Resources */,
			);
			runOnlyForDeploymentPostprocessing = 0;
		};
		BBC95C221C4ACA6300C23BC7 /* Resources */ = {
			isa = PBXResourcesBuildPhase;
			buildActionMask = 2147483647;
			files = (
			);
			runOnlyForDeploymentPostprocessing = 0;
		};
		BBC95C2D1C4ACA6300C23BC7 /* Resources */ = {
			isa = PBXResourcesBuildPhase;
			buildActionMask = 2147483647;
			files = (
			);
			runOnlyForDeploymentPostprocessing = 0;
		};
/* End PBXResourcesBuildPhase section */

/* Begin PBXSourcesBuildPhase section */
		BBC95C0C1C4ACA6200C23BC7 /* Sources */ = {
			isa = PBXSourcesBuildPhase;
			buildActionMask = 2147483647;
			files = (
				BBC95C161C4ACA6200C23BC7 /* MainVC.swift in Sources */,
				BBB0B9391C4E8CBB00342AC9 /* BarView.swift in Sources */,
				BBC95C421C4B004600C23BC7 /* CurrentWorkout.swift in Sources */,
				BBE1725E1C4D67DC008598C0 /* UserProfile.swift in Sources */,
				BBB0B9331C4E80FB00342AC9 /* MyDayVC.swift in Sources */,
				BB438F451C5439B500650E08 /* TrackProgressVC.swift in Sources */,
				BBC95C441C4B010600C23BC7 /* WorkoutVC.swift in Sources */,
				BBC95C461C4C3D1500C23BC7 /* WorkoutOverVC.swift in Sources */,
				BBE172641C4D934A008598C0 /* UserProfileVC.swift in Sources */,
				BBE172621C4D7546008598C0 /* SettingsVC.swift in Sources */,
				BBC95C141C4ACA6200C23BC7 /* AppDelegate.swift in Sources */,
				BBE172601C4D7135008598C0 /* MenuBtn.swift in Sources */,
				BBCDB3A51C54269C0016A5BF /* ChartView.swift in Sources */,
			);
			runOnlyForDeploymentPostprocessing = 0;
		};
		BBC95C201C4ACA6300C23BC7 /* Sources */ = {
			isa = PBXSourcesBuildPhase;
			buildActionMask = 2147483647;
			files = (
				BBC95C291C4ACA6300C23BC7 /* _00_Calorie_WorkoutTests.swift in Sources */,
			);
			runOnlyForDeploymentPostprocessing = 0;
		};
		BBC95C2B1C4ACA6300C23BC7 /* Sources */ = {
			isa = PBXSourcesBuildPhase;
			buildActionMask = 2147483647;
			files = (
				BBC95C341C4ACA6300C23BC7 /* _00_Calorie_WorkoutUITests.swift in Sources */,
			);
			runOnlyForDeploymentPostprocessing = 0;
		};
/* End PBXSourcesBuildPhase section */

/* Begin PBXTargetDependency section */
		BBC95C261C4ACA6300C23BC7 /* PBXTargetDependency */ = {
			isa = PBXTargetDependency;
			target = BBC95C0F1C4ACA6200C23BC7 /* 100 Calorie Workout */;
			targetProxy = BBC95C251C4ACA6300C23BC7 /* PBXContainerItemProxy */;
		};
		BBC95C311C4ACA6300C23BC7 /* PBXTargetDependency */ = {
			isa = PBXTargetDependency;
			target = BBC95C0F1C4ACA6200C23BC7 /* 100 Calorie Workout */;
			targetProxy = BBC95C301C4ACA6300C23BC7 /* PBXContainerItemProxy */;
		};
/* End PBXTargetDependency section */

/* Begin PBXVariantGroup section */
		BBC95C171C4ACA6300C23BC7 /* Main.storyboard */ = {
			isa = PBXVariantGroup;
			children = (
				BBC95C181C4ACA6300C23BC7 /* Base */,
			);
			name = Main.storyboard;
			sourceTree = "<group>";
		};
		BBC95C1C1C4ACA6300C23BC7 /* LaunchScreen.storyboard */ = {
			isa = PBXVariantGroup;
			children = (
				BBC95C1D1C4ACA6300C23BC7 /* Base */,
			);
			name = LaunchScreen.storyboard;
			sourceTree = "<group>";
		};
/* End PBXVariantGroup section */

/* Begin XCBuildConfiguration section */
		BBC95C361C4ACA6300C23BC7 /* Debug */ = {
			isa = XCBuildConfiguration;
			buildSettings = {
				ALWAYS_SEARCH_USER_PATHS = NO;
				CLANG_CXX_LANGUAGE_STANDARD = "gnu++0x";
				CLANG_CXX_LIBRARY = "libc++";
				CLANG_ENABLE_MODULES = YES;
				CLANG_ENABLE_OBJC_ARC = YES;
				CLANG_WARN_BOOL_CONVERSION = YES;
				CLANG_WARN_CONSTANT_CONVERSION = YES;
				CLANG_WARN_DIRECT_OBJC_ISA_USAGE = YES_ERROR;
				CLANG_WARN_EMPTY_BODY = YES;
				CLANG_WARN_ENUM_CONVERSION = YES;
				CLANG_WARN_INT_CONVERSION = YES;
				CLANG_WARN_OBJC_ROOT_CLASS = YES_ERROR;
				CLANG_WARN_UNREACHABLE_CODE = YES;
				CLANG_WARN__DUPLICATE_METHOD_MATCH = YES;
				"CODE_SIGN_IDENTITY[sdk=iphoneos*]" = "iPhone Developer";
				COPY_PHASE_STRIP = NO;
				DEBUG_INFORMATION_FORMAT = dwarf;
				ENABLE_STRICT_OBJC_MSGSEND = YES;
				ENABLE_TESTABILITY = YES;
				GCC_C_LANGUAGE_STANDARD = gnu99;
				GCC_DYNAMIC_NO_PIC = NO;
				GCC_NO_COMMON_BLOCKS = YES;
				GCC_OPTIMIZATION_LEVEL = 0;
				GCC_PREPROCESSOR_DEFINITIONS = (
					"DEBUG=1",
					"$(inherited)",
				);
				GCC_WARN_64_TO_32_BIT_CONVERSION = YES;
				GCC_WARN_ABOUT_RETURN_TYPE = YES_ERROR;
				GCC_WARN_UNDECLARED_SELECTOR = YES;
				GCC_WARN_UNINITIALIZED_AUTOS = YES_AGGRESSIVE;
				GCC_WARN_UNUSED_FUNCTION = YES;
				GCC_WARN_UNUSED_VARIABLE = YES;
				IPHONEOS_DEPLOYMENT_TARGET = 9.2;
				MTL_ENABLE_DEBUG_INFO = YES;
				ONLY_ACTIVE_ARCH = YES;
				SDKROOT = iphoneos;
				SWIFT_OPTIMIZATION_LEVEL = "-Onone";
				TARGETED_DEVICE_FAMILY = "1,2";
			};
			name = Debug;
		};
		BBC95C371C4ACA6300C23BC7 /* Release */ = {
			isa = XCBuildConfiguration;
			buildSettings = {
				ALWAYS_SEARCH_USER_PATHS = NO;
				CLANG_CXX_LANGUAGE_STANDARD = "gnu++0x";
				CLANG_CXX_LIBRARY = "libc++";
				CLANG_ENABLE_MODULES = YES;
				CLANG_ENABLE_OBJC_ARC = YES;
				CLANG_WARN_BOOL_CONVERSION = YES;
				CLANG_WARN_CONSTANT_CONVERSION = YES;
				CLANG_WARN_DIRECT_OBJC_ISA_USAGE = YES_ERROR;
				CLANG_WARN_EMPTY_BODY = YES;
				CLANG_WARN_ENUM_CONVERSION = YES;
				CLANG_WARN_INT_CONVERSION = YES;
				CLANG_WARN_OBJC_ROOT_CLASS = YES_ERROR;
				CLANG_WARN_UNREACHABLE_CODE = YES;
				CLANG_WARN__DUPLICATE_METHOD_MATCH = YES;
				"CODE_SIGN_IDENTITY[sdk=iphoneos*]" = "iPhone Developer";
				COPY_PHASE_STRIP = NO;
				DEBUG_INFORMATION_FORMAT = "dwarf-with-dsym";
				ENABLE_NS_ASSERTIONS = NO;
				ENABLE_STRICT_OBJC_MSGSEND = YES;
				GCC_C_LANGUAGE_STANDARD = gnu99;
				GCC_NO_COMMON_BLOCKS = YES;
				GCC_WARN_64_TO_32_BIT_CONVERSION = YES;
				GCC_WARN_ABOUT_RETURN_TYPE = YES_ERROR;
				GCC_WARN_UNDECLARED_SELECTOR = YES;
				GCC_WARN_UNINITIALIZED_AUTOS = YES_AGGRESSIVE;
				GCC_WARN_UNUSED_FUNCTION = YES;
				GCC_WARN_UNUSED_VARIABLE = YES;
				IPHONEOS_DEPLOYMENT_TARGET = 9.2;
				MTL_ENABLE_DEBUG_INFO = NO;
				SDKROOT = iphoneos;
				TARGETED_DEVICE_FAMILY = "1,2";
				VALIDATE_PRODUCT = YES;
			};
			name = Release;
		};
		BBC95C391C4ACA6300C23BC7 /* Debug */ = {
			isa = XCBuildConfiguration;
			buildSettings = {
				ASSETCATALOG_COMPILER_APPICON_NAME = AppIcon;
				CODE_SIGN_IDENTITY = "iPhone Developer";
				INFOPLIST_FILE = "100 Calorie Workout/Info.plist";
				LD_RUNPATH_SEARCH_PATHS = "$(inherited) @executable_path/Frameworks";
				PRODUCT_BUNDLE_IDENTIFIER = "com.DanielAcker.-00-Calorie-Workout";
				PRODUCT_NAME = "$(TARGET_NAME)";
			};
			name = Debug;
		};
		BBC95C3A1C4ACA6300C23BC7 /* Release */ = {
			isa = XCBuildConfiguration;
			buildSettings = {
				ASSETCATALOG_COMPILER_APPICON_NAME = AppIcon;
				CODE_SIGN_IDENTITY = "iPhone Developer";
				INFOPLIST_FILE = "100 Calorie Workout/Info.plist";
				LD_RUNPATH_SEARCH_PATHS = "$(inherited) @executable_path/Frameworks";
				PRODUCT_BUNDLE_IDENTIFIER = "com.DanielAcker.-00-Calorie-Workout";
				PRODUCT_NAME = "$(TARGET_NAME)";
			};
			name = Release;
		};
		BBC95C3C1C4ACA6300C23BC7 /* Debug */ = {
			isa = XCBuildConfiguration;
			buildSettings = {
				BUNDLE_LOADER = "$(TEST_HOST)";
				INFOPLIST_FILE = "100 Calorie WorkoutTests/Info.plist";
				LD_RUNPATH_SEARCH_PATHS = "$(inherited) @executable_path/Frameworks @loader_path/Frameworks";
				PRODUCT_BUNDLE_IDENTIFIER = "DanielAcker.-00-Calorie-WorkoutTests";
				PRODUCT_NAME = "$(TARGET_NAME)";
				TEST_HOST = "$(BUILT_PRODUCTS_DIR)/100 Calorie Workout.app/100 Calorie Workout";
			};
			name = Debug;
		};
		BBC95C3D1C4ACA6300C23BC7 /* Release */ = {
			isa = XCBuildConfiguration;
			buildSettings = {
				BUNDLE_LOADER = "$(TEST_HOST)";
				INFOPLIST_FILE = "100 Calorie WorkoutTests/Info.plist";
				LD_RUNPATH_SEARCH_PATHS = "$(inherited) @executable_path/Frameworks @loader_path/Frameworks";
				PRODUCT_BUNDLE_IDENTIFIER = "DanielAcker.-00-Calorie-WorkoutTests";
				PRODUCT_NAME = "$(TARGET_NAME)";
				TEST_HOST = "$(BUILT_PRODUCTS_DIR)/100 Calorie Workout.app/100 Calorie Workout";
			};
			name = Release;
		};
		BBC95C3F1C4ACA6300C23BC7 /* Debug */ = {
			isa = XCBuildConfiguration;
			buildSettings = {
				INFOPLIST_FILE = "100 Calorie WorkoutUITests/Info.plist";
				LD_RUNPATH_SEARCH_PATHS = "$(inherited) @executable_path/Frameworks @loader_path/Frameworks";
				PRODUCT_BUNDLE_IDENTIFIER = "DanielAcker.-00-Calorie-WorkoutUITests";
				PRODUCT_NAME = "$(TARGET_NAME)";
				TEST_TARGET_NAME = "100 Calorie Workout";
				USES_XCTRUNNER = YES;
			};
			name = Debug;
		};
		BBC95C401C4ACA6300C23BC7 /* Release */ = {
			isa = XCBuildConfiguration;
			buildSettings = {
				INFOPLIST_FILE = "100 Calorie WorkoutUITests/Info.plist";
				LD_RUNPATH_SEARCH_PATHS = "$(inherited) @executable_path/Frameworks @loader_path/Frameworks";
				PRODUCT_BUNDLE_IDENTIFIER = "DanielAcker.-00-Calorie-WorkoutUITests";
				PRODUCT_NAME = "$(TARGET_NAME)";
				TEST_TARGET_NAME = "100 Calorie Workout";
				USES_XCTRUNNER = YES;
			};
			name = Release;
		};
/* End XCBuildConfiguration section */

/* Begin XCConfigurationList section */
		BBC95C0B1C4ACA6200C23BC7 /* Build configuration list for PBXProject "100 Calorie Workout" */ = {
			isa = XCConfigurationList;
			buildConfigurations = (
				BBC95C361C4ACA6300C23BC7 /* Debug */,
				BBC95C371C4ACA6300C23BC7 /* Release */,
			);
			defaultConfigurationIsVisible = 0;
			defaultConfigurationName = Release;
		};
		BBC95C381C4ACA6300C23BC7 /* Build configuration list for PBXNativeTarget "100 Calorie Workout" */ = {
			isa = XCConfigurationList;
			buildConfigurations = (
				BBC95C391C4ACA6300C23BC7 /* Debug */,
				BBC95C3A1C4ACA6300C23BC7 /* Release */,
			);
			defaultConfigurationIsVisible = 0;
			defaultConfigurationName = Release;
		};
		BBC95C3B1C4ACA6300C23BC7 /* Build configuration list for PBXNativeTarget "100 Calorie WorkoutTests" */ = {
			isa = XCConfigurationList;
			buildConfigurations = (
				BBC95C3C1C4ACA6300C23BC7 /* Debug */,
				BBC95C3D1C4ACA6300C23BC7 /* Release */,
			);
			defaultConfigurationIsVisible = 0;
			defaultConfigurationName = Release;
		};
		BBC95C3E1C4ACA6300C23BC7 /* Build configuration list for PBXNativeTarget "100 Calorie WorkoutUITests" */ = {
			isa = XCConfigurationList;
			buildConfigurations = (
				BBC95C3F1C4ACA6300C23BC7 /* Debug */,
				BBC95C401C4ACA6300C23BC7 /* Release */,
			);
			defaultConfigurationIsVisible = 0;
			defaultConfigurationName = Release;
		};
/* End XCConfigurationList section */
	};
	rootObject = BBC95C081C4ACA6200C23BC7 /* Project object */;
}
